
Microsoft Visual Studio Solution File, Format Version 12.00
# Visual Studio Version 16
VisualStudioVersion = 16.0.31911.196
MinimumVisualStudioVersion = 10.0.40219.1
Project("{FAE04EC0-301F-11D3-BF4B-00C04F79EFBC}") = "Helperland", "Helperland\Helperland.csproj", "{02ACBEB4-8553-4859-9110-69848F32467F}"
EndProject
Global
	GlobalSection(SolutionConfigurationPlatforms) = preSolution
		Debug|Any CPU = Debug|Any CPU
		Release|Any CPU = Release|Any CPU
	EndGlobalSection
	GlobalSection(ProjectConfigurationPlatforms) = postSolution
		{02ACBEB4-8553-4859-9110-69848F32467F}.Debug|Any CPU.ActiveCfg = Debug|Any CPU
		{02ACBEB4-8553-4859-9110-69848F32467F}.Debug|Any CPU.Build.0 = Debug|Any CPU
		{02ACBEB4-8553-4859-9110-69848F32467F}.Release|Any CPU.ActiveCfg = Release|Any CPU
		{02ACBEB4-8553-4859-9110-69848F32467F}.Release|Any CPU.Build.0 = Release|Any CPU
	EndGlobalSection
	GlobalSection(SolutionProperties) = preSolution
		HideSolutionNode = FALSE
	EndGlobalSection
	GlobalSection(ExtensibilityGlobals) = postSolution
		SolutionGuid = {17FAC68A-1B16-430C-A3F0-354AB46B5F10}
	EndGlobalSection
EndGlobal
